
Microsoft Visual Studio Solution File, Format Version 12.00
# Visual Studio Version 17
VisualStudioVersion = 17.4.33213.308
MinimumVisualStudioVersion = 10.0.40219.1
Project("{8BC9CEB8-8B4A-11D0-8D11-00A0C91BC942}") = "Chapter 5 ex 7 quadratic equation", "Chapter 5 ex 7 quadratic equation\Chapter 5 ex 7 quadratic equation.vcxproj", "{C12D0C37-247A-44D6-947D-D50788D6E396}"
EndProject
Global
	GlobalSection(SolutionConfigurationPlatforms) = preSolution
		Debug|x64 = Debug|x64
		Debug|x86 = Debug|x86
		Release|x64 = Release|x64
		Release|x86 = Release|x86
	EndGlobalSection
	GlobalSection(ProjectConfigurationPlatforms) = postSolution
		{C12D0C37-247A-44D6-947D-D50788D6E396}.Debug|x64.ActiveCfg = Debug|x64
		{C12D0C37-247A-44D6-947D-D50788D6E396}.Debug|x64.Build.0 = Debug|x64
		{C12D0C37-247A-44D6-947D-D50788D6E396}.Debug|x86.ActiveCfg = Debug|Win32
		{C12D0C37-247A-44D6-947D-D50788D6E396}.Debug|x86.Build.0 = Debug|Win32
		{C12D0C37-247A-44D6-947D-D50788D6E396}.Release|x64.ActiveCfg = Release|x64
		{C12D0C37-247A-44D6-947D-D50788D6E396}.Release|x64.Build.0 = Release|x64
		{C12D0C37-247A-44D6-947D-D50788D6E396}.Release|x86.ActiveCfg = Release|Win32
		{C12D0C37-247A-44D6-947D-D50788D6E396}.Release|x86.Build.0 = Release|Win32
	EndGlobalSection
	GlobalSection(SolutionProperties) = preSolution
		HideSolutionNode = FALSE
	EndGlobalSection
	GlobalSection(ExtensibilityGlobals) = postSolution
		SolutionGuid = {7FDA6E51-1DBF-4A71-A066-80332CEAD6D7}
	EndGlobalSection
EndGlobal
